// !$*UTF8*$!
{
	archiveVersion = 1;
	classes = {
	};
	objectVersion = 46;
	objects = {

/* Begin PBXBuildFile section */
		0E37DDAF1F4786660089288C /* AppDelegate.swift in Sources */ = {isa = PBXBuildFile; fileRef = 0E37DDAE1F4786660089288C /* AppDelegate.swift */; };
		0E37DDB11F4786660089288C /* ViewController.swift in Sources */ = {isa = PBXBuildFile; fileRef = 0E37DDB01F4786660089288C /* ViewController.swift */; };
		0E37DDB41F4786660089288C /* Main.storyboard in Resources */ = {isa = PBXBuildFile; fileRef = 0E37DDB21F4786660089288C /* Main.storyboard */; };
		0E37DDB61F4786660089288C /* Assets.xcassets in Resources */ = {isa = PBXBuildFile; fileRef = 0E37DDB51F4786660089288C /* Assets.xcassets */; };
		0E37DDB91F4786660089288C /* LaunchScreen.storyboard in Resources */ = {isa = PBXBuildFile; fileRef = 0E37DDB71F4786660089288C /* LaunchScreen.storyboard */; };
		0E37DDC11F4786F70089288C /* Cartfile in Resources */ = {isa = PBXBuildFile; fileRef = 0E37DDC01F4786F70089288C /* Cartfile */; };
		0E37DDC51F4788DC0089288C /* AFNetworking.framework in Frameworks */ = {isa = PBXBuildFile; fileRef = 0E37DDC31F4788360089288C /* AFNetworking.framework */; };
		0E37DDC61F4788DD0089288C /* AFNetworking.framework in Embed Frameworks */ = {isa = PBXBuildFile; fileRef = 0E37DDC31F4788360089288C /* AFNetworking.framework */; settings = {ATTRIBUTES = (CodeSignOnCopy, RemoveHeadersOnCopy, ); }; };
/* End PBXBuildFile section */

/* Begin PBXCopyFilesBuildPhase section */
		0E37DDC71F4788DD0089288C /* Embed Frameworks */ = {
			isa = PBXCopyFilesBuildPhase;
			buildActionMask = 2147483647;
			dstPath = "";
			dstSubfolderSpec = 10;
			files = (
				0E37DDC61F4788DD0089288C /* AFNetworking.framework in Embed Frameworks */,
			);
			name = "Embed Frameworks";
			runOnlyForDeploymentPostprocessing = 0;
		};
/* End PBXCopyFilesBuildPhase section */

/* Begin PBXFileReference section */
		0E37DDAB1F4786660089288C /* Photo Search.app */ = {isa = PBXFileReference; explicitFileType = wrapper.application; includeInIndex = 0; path = "Photo Search.app"; sourceTree = BUILT_PRODUCTS_DIR; };
		0E37DDAE1F4786660089288C /* AppDelegate.swift */ = {isa = PBXFileReference; lastKnownFileType = sourcecode.swift; path = AppDelegate.swift; sourceTree = "<group>"; };
		0E37DDB01F4786660089288C /* ViewController.swift */ = {isa = PBXFileReference; lastKnownFileType = sourcecode.swift; path = ViewController.swift; sourceTree = "<group>"; };
		0E37DDB31F4786660089288C /* Base */ = {isa = PBXFileReference; lastKnownFileType = file.storyboard; name = Base; path = Base.lproj/Main.storyboard; sourceTree = "<group>"; };
		0E37DDB51F4786660089288C /* Assets.xcassets */ = {isa = PBXFileReference; lastKnownFileType = folder.assetcatalog; path = Assets.xcassets; sourceTree = "<group>"; };
		0E37DDB81F4786660089288C /* Base */ = {isa = PBXFileReference; lastKnownFileType = file.storyboard; name = Base; path = Base.lproj/LaunchScreen.storyboard; sourceTree = "<group>"; };
		0E37DDBA1F4786660089288C /* Info.plist */ = {isa = PBXFileReference; lastKnownFileType = text.plist.xml; path = Info.plist; sourceTree = "<group>"; };
		0E37DDC01F4786F70089288C /* Cartfile */ = {isa = PBXFileReference; fileEncoding = 4; lastKnownFileType = text; path = Cartfile; sourceTree = "<group>"; };
		0E37DDC21F4787950089288C /* bridge.h */ = {isa = PBXFileReference; fileEncoding = 4; lastKnownFileType = sourcecode.c.h; path = bridge.h; sourceTree = "<group>"; };
		0E37DDC31F4788360089288C /* AFNetworking.framework */ = {isa = PBXFileReference; lastKnownFileType = wrapper.framework; path = AFNetworking.framework; sourceTree = "<group>"; };
/* End PBXFileReference section */

/* Begin PBXFrameworksBuildPhase section */
		0E37DDA81F4786660089288C /* Frameworks */ = {
			isa = PBXFrameworksBuildPhase;
			buildActionMask = 2147483647;
			files = (
				0E37DDC51F4788DC0089288C /* AFNetworking.framework in Frameworks */,
			);
			runOnlyForDeploymentPostprocessing = 0;
		};
/* End PBXFrameworksBuildPhase section */

/* Begin PBXGroup section */
		0E37DDA21F4786660089288C = {
			isa = PBXGroup;
			children = (
				0E37DDC21F4787950089288C /* bridge.h */,
				0E37DDC31F4788360089288C /* AFNetworking.framework */,
				0E37DDC01F4786F70089288C /* Cartfile */,
				0E37DDAD1F4786660089288C /* Photo Search */,
				0E37DDAC1F4786660089288C /* Products */,
			);
			sourceTree = "<group>";
		};
		0E37DDAC1F4786660089288C /* Products */ = {
			isa = PBXGroup;
			children = (
				0E37DDAB1F4786660089288C /* Photo Search.app */,
			);
			name = Products;
			sourceTree = "<group>";
		};
		0E37DDAD1F4786660089288C /* Photo Search */ = {
			isa = PBXGroup;
			children = (
				0E37DDAE1F4786660089288C /* AppDelegate.swift */,
				0E37DDB01F4786660089288C /* ViewController.swift */,
				0E37DDB21F4786660089288C /* Main.storyboard */,
				0E37DDB51F4786660089288C /* Assets.xcassets */,
				0E37DDB71F4786660089288C /* LaunchScreen.storyboard */,
				0E37DDBA1F4786660089288C /* Info.plist */,
			);
			path = "Photo Search";
			sourceTree = "<group>";
		};
/* End PBXGroup section */

/* Begin PBXNativeTarget section */
		0E37DDAA1F4786660089288C /* Photo Search */ = {
			isa = PBXNativeTarget;
			buildConfigurationList = 0E37DDBD1F4786660089288C /* Build configuration list for PBXNativeTarget "Photo Search" */;
			buildPhases = (
				0E37DDA71F4786660089288C /* Sources */,
				0E37DDA81F4786660089288C /* Frameworks */,
				0E37DDA91F4786660089288C /* Resources */,
				0E37DDC71F4788DD0089288C /* Embed Frameworks */,
			);
			buildRules = (
			);
			dependencies = (
			);
			name = "Photo Search";
			productName = "Photo Search";
			productReference = 0E37DDAB1F4786660089288C /* Photo Search.app */;
			productType = "com.apple.product-type.application";
		};
/* End PBXNativeTarget section */

/* Begin PBXProject section */
		0E37DDA31F4786660089288C /* Project object */ = {
			isa = PBXProject;
			attributes = {
				LastSwiftUpdateCheck = 0830;
				LastUpgradeCheck = 0830;
				ORGANIZATIONNAME = "Richard Greene";
				TargetAttributes = {
					0E37DDAA1F4786660089288C = {
						CreatedOnToolsVersion = 8.3.3;
						DevelopmentTeam = V9843VC6X4;
						ProvisioningStyle = Automatic;
					};
				};
			};
			buildConfigurationList = 0E37DDA61F4786660089288C /* Build configuration list for PBXProject "Photo Search" */;
			compatibilityVersion = "Xcode 3.2";
			developmentRegion = English;
			hasScannedForEncodings = 0;
			knownRegions = (
				en,
				Base,
			);
			mainGroup = 0E37DDA21F4786660089288C;
			productRefGroup = 0E37DDAC1F4786660089288C /* Products */;
			projectDirPath = "";
			projectRoot = "";
			targets = (
				0E37DDAA1F4786660089288C /* Photo Search */,
			);
		};
/* End PBXProject section */

/* Begin PBXResourcesBuildPhase section */
		0E37DDA91F4786660089288C /* Resources */ = {
			isa = PBXResourcesBuildPhase;
			buildActionMask = 2147483647;
			files = (
				0E37DDB91F4786660089288C /* LaunchScreen.storyboard in Resources */,
				0E37DDB61F4786660089288C /* Assets.xcassets in Resources */,
				0E37DDC11F4786F70089288C /* Cartfile in Resources */,
				0E37DDB41F4786660089288C /* Main.storyboard in Resources */,
			);
			runOnlyForDeploymentPostprocessing = 0;
		};
/* End PBXResourcesBuildPhase section */

/* Begin PBXSourcesBuildPhase section */
		0E37DDA71F4786660089288C /* Sources */ = {
			isa = PBXSourcesBuildPhase;
			buildActionMask = 2147483647;
			files = (
				0E37DDB11F4786660089288C /* ViewController.swift in Sources */,
				0E37DDAF1F4786660089288C /* AppDelegate.swift in Sources */,
			);
			runOnlyForDeploymentPostprocessing = 0;
		};
/* End PBXSourcesBuildPhase section */

/* Begin PBXVariantGroup section */
		0E37DDB21F4786660089288C /* Main.storyboard */ = {
			isa = PBXVariantGroup;
			children = (
				0E37DDB31F4786660089288C /* Base */,
			);
			name = Main.storyboard;
			sourceTree = "<group>";
		};
		0E37DDB71F4786660089288C /* LaunchScreen.storyboard */ = {
			isa = PBXVariantGroup;
			children = (
				0E37DDB81F4786660089288C /* Base */,
			);
			name = LaunchScreen.storyboard;
			sourceTree = "<group>";
		};
/* End PBXVariantGroup section */

/* Begin XCBuildConfiguration section */
		0E37DDBB1F4786660089288C /* Debug */ = {
			isa = XCBuildConfiguration;
			buildSettings = {
				ALWAYS_SEARCH_USER_PATHS = NO;
				CLANG_ANALYZER_NONNULL = YES;
				CLANG_ANALYZER_NUMBER_OBJECT_CONVERSION = YES_AGGRESSIVE;
				CLANG_CXX_LANGUAGE_STANDARD = "gnu++0x";
				CLANG_CXX_LIBRARY = "libc++";
				CLANG_ENABLE_MODULES = YES;
				CLANG_ENABLE_OBJC_ARC = YES;
				CLANG_WARN_BOOL_CONVERSION = YES;
				CLANG_WARN_CONSTANT_CONVERSION = YES;
				CLANG_WARN_DIRECT_OBJC_ISA_USAGE = YES_ERROR;
				CLANG_WARN_DOCUMENTATION_COMMENTS = YES;
				CLANG_WARN_EMPTY_BODY = YES;
				CLANG_WARN_ENUM_CONVERSION = YES;
				CLANG_WARN_INFINITE_RECURSION = YES;
				CLANG_WARN_INT_CONVERSION = YES;
				CLANG_WARN_OBJC_ROOT_CLASS = YES_ERROR;
				CLANG_WARN_SUSPICIOUS_MOVE = YES;
				CLANG_WARN_UNREACHABLE_CODE = YES;
				CLANG_WARN__DUPLICATE_METHOD_MATCH = YES;
				"CODE_SIGN_IDENTITY[sdk=iphoneos*]" = "iPhone Developer";
				COPY_PHASE_STRIP = NO;
				DEBUG_INFORMATION_FORMAT = dwarf;
				DEFINES_MODULE = YES;
				ENABLE_STRICT_OBJC_MSGSEND = YES;
				ENABLE_TESTABILITY = YES;
				GCC_C_LANGUAGE_STANDARD = gnu99;
				GCC_DYNAMIC_NO_PIC = NO;
				GCC_NO_COMMON_BLOCKS = YES;
				GCC_OPTIMIZATION_LEVEL = 0;
				GCC_PREPROCESSOR_DEFINITIONS = (
					"DEBUG=1",
					"$(inherited)",
				);
				GCC_WARN_64_TO_32_BIT_CONVERSION = YES;
				GCC_WARN_ABOUT_RETURN_TYPE = YES_ERROR;
				GCC_WARN_UNDECLARED_SELECTOR = YES;
				GCC_WARN_UNINITIALIZED_AUTOS = YES_AGGRESSIVE;
				GCC_WARN_UNUSED_FUNCTION = YES;
				GCC_WARN_UNUSED_VARIABLE = YES;
				IPHONEOS_DEPLOYMENT_TARGET = 10.3;
				MTL_ENABLE_DEBUG_INFO = YES;
				ONLY_ACTIVE_ARCH = YES;
				SDKROOT = iphoneos;
				SWIFT_ACTIVE_COMPILATION_CONDITIONS = DEBUG;
				SWIFT_OBJC_BRIDGING_HEADER = bridge.h;
				SWIFT_OPTIMIZATION_LEVEL = "-Onone";
				TARGETED_DEVICE_FAMILY = "1,2";
			};
			name = Debug;
		};
		0E37DDBC1F4786660089288C /* Release */ = {
			isa = XCBuildConfiguration;
			buildSettings = {
				ALWAYS_SEARCH_USER_PATHS = NO;
				CLANG_ANALYZER_NONNULL = YES;
				CLANG_ANALYZER_NUMBER_OBJECT_CONVERSION = YES_AGGRESSIVE;
				CLANG_CXX_LANGUAGE_STANDARD = "gnu++0x";
				CLANG_CXX_LIBRARY = "libc++";
				CLANG_ENABLE_MODULES = YES;
				CLANG_ENABLE_OBJC_ARC = YES;
				CLANG_WARN_BOOL_CONVERSION = YES;
				CLANG_WARN_CONSTANT_CONVERSION = YES;
				CLANG_WARN_DIRECT_OBJC_ISA_USAGE = YES_ERROR;
				CLANG_WARN_DOCUMENTATION_COMMENTS = YES;
				CLANG_WARN_EMPTY_BODY = YES;
				CLANG_WARN_ENUM_CONVERSION = YES;
				CLANG_WARN_INFINITE_RECURSION = YES;
				CLANG_WARN_INT_CONVERSION = YES;
				CLANG_WARN_OBJC_ROOT_CLASS = YES_ERROR;
				CLANG_WARN_SUSPICIOUS_MOVE = YES;
				CLANG_WARN_UNREACHABLE_CODE = YES;
				CLANG_WARN__DUPLICATE_METHOD_MATCH = YES;
				"CODE_SIGN_IDENTITY[sdk=iphoneos*]" = "iPhone Developer";
				COPY_PHASE_STRIP = NO;
				DEBUG_INFORMATION_FORMAT = "dwarf-with-dsym";
				DEFINES_MODULE = YES;
				ENABLE_NS_ASSERTIONS = NO;
				ENABLE_STRICT_OBJC_MSGSEND = YES;
				GCC_C_LANGUAGE_STANDARD = gnu99;
				GCC_NO_COMMON_BLOCKS = YES;
				GCC_WARN_64_TO_32_BIT_CONVERSION = YES;
				GCC_WARN_ABOUT_RETURN_TYPE = YES_ERROR;
				GCC_WARN_UNDECLARED_SELECTOR = YES;
				GCC_WARN_UNINITIALIZED_AUTOS = YES_AGGRESSIVE;
				GCC_WARN_UNUSED_FUNCTION = YES;
				GCC_WARN_UNUSED_VARIABLE = YES;
				IPHONEOS_DEPLOYMENT_TARGET = 10.3;
				MTL_ENABLE_DEBUG_INFO = NO;
				SDKROOT = iphoneos;
				SWIFT_OBJC_BRIDGING_HEADER = bridge.h;
				SWIFT_OPTIMIZATION_LEVEL = "-Owholemodule";
				TARGETED_DEVICE_FAMILY = "1,2";
				VALIDATE_PRODUCT = YES;
			};
			name = Release;
		};
		0E37DDBE1F4786660089288C /* Debug */ = {
			isa = XCBuildConfiguration;
			buildSettings = {
				ASSETCATALOG_COMPILER_APPICON_NAME = AppIcon;
				DEFINES_MODULE = YES;
				DEVELOPMENT_TEAM = V9843VC6X4;
				FRAMEWORK_SEARCH_PATHS = (
					"$(inherited)",
					"$(PROJECT_DIR)",
				);
				INFOPLIST_FILE = "Photo Search/Info.plist";
				LD_RUNPATH_SEARCH_PATHS = "$(inherited) @executable_path/Frameworks";
				PRODUCT_BUNDLE_IDENTIFIER = "com.Greene.Photo-Search";
				PRODUCT_NAME = "$(TARGET_NAME)";
				SWIFT_OBJC_BRIDGING_HEADER = bridge.h;
				SWIFT_VERSION = 3.0;
			};
			name = Debug;
		};
		0E37DDBF1F4786660089288C /* Release */ = {
			isa = XCBuildConfiguration;
			buildSettings = {
				ASSETCATALOG_COMPILER_APPICON_NAME = AppIcon;
				DEFINES_MODULE = YES;
				DEVELOPMENT_TEAM = V9843VC6X4;
				FRAMEWORK_SEARCH_PATHS = (
					"$(inherited)",
					"$(PROJECT_DIR)",
				);
				INFOPLIST_FILE = "Photo Search/Info.plist";
				LD_RUNPATH_SEARCH_PATHS = "$(inherited) @executable_path/Frameworks";
				PRODUCT_BUNDLE_IDENTIFIER = "com.Greene.Photo-Search";
				PRODUCT_NAME = "$(TARGET_NAME)";
				SWIFT_OBJC_BRIDGING_HEADER = bridge.h;
				SWIFT_VERSION = 3.0;
			};
			name = Release;
		};
/* End XCBuildConfiguration section */

/* Begin XCConfigurationList section */
		0E37DDA61F4786660089288C /* Build configuration list for PBXProject "Photo Search" */ = {
			isa = XCConfigurationList;
			buildConfigurations = (
				0E37DDBB1F4786660089288C /* Debug */,
				0E37DDBC1F4786660089288C /* Release */,
			);
			defaultConfigurationIsVisible = 0;
			defaultConfigurationName = Release;
		};
		0E37DDBD1F4786660089288C /* Build configuration list for PBXNativeTarget "Photo Search" */ = {
			isa = XCConfigurationList;
			buildConfigurations = (
				0E37DDBE1F4786660089288C /* Debug */,
				0E37DDBF1F4786660089288C /* Release */,
			);
			defaultConfigurationIsVisible = 0;
			defaultConfigurationName = Release;
		};
/* End XCConfigurationList section */
	};
	rootObject = 0E37DDA31F4786660089288C /* Project object */;
}
